// !$*UTF8*$!
{
	archiveVersion = 1;
	classes = {
	};
	objectVersion = 51;
	objects = {

/* Begin PBXBuildFile section */
		22C55180E984C3A7003372F9 /* Pods_flixster_flixsterUITests.framework in Frameworks */ = {isa = PBXBuildFile; fileRef = D7D08C407C2BCB6EB613352F /* Pods_flixster_flixsterUITests.framework */; };
		2F39160B652B29C84D0DC3D9 /* Pods_flixster.framework in Frameworks */ = {isa = PBXBuildFile; fileRef = 26A22BEDAAE9D312D9E6775F /* Pods_flixster.framework */; };
		D145B1B825E09AAA00915F80 /* MoviesViewController.swift in Sources */ = {isa = PBXBuildFile; fileRef = D18483F625D0C2AB00D9D6E2 /* MoviesViewController.swift */; };
		D145B1C425E09C5B00915F80 /* MovieDetailsViewController.swift in Sources */ = {isa = PBXBuildFile; fileRef = D145B1C325E09C5B00915F80 /* MovieDetailsViewController.swift */; };
		D145B1C925E0A90E00915F80 /* MovieGridViewController.swift in Sources */ = {isa = PBXBuildFile; fileRef = D145B1C825E0A90E00915F80 /* MovieGridViewController.swift */; };
		D145B1CE25E0C41700915F80 /* MovieGridCell.swift in Sources */ = {isa = PBXBuildFile; fileRef = D145B1CD25E0C41700915F80 /* MovieGridCell.swift */; };
		D145B1D325E0D58C00915F80 /* MoviePosterDetailsViewController.swift in Sources */ = {isa = PBXBuildFile; fileRef = D145B1D225E0D58C00915F80 /* MoviePosterDetailsViewController.swift */; };
		D18483B525CB615800D9D6E2 /* AppDelegate.swift in Sources */ = {isa = PBXBuildFile; fileRef = D18483B425CB615800D9D6E2 /* AppDelegate.swift */; };
		D18483B725CB615800D9D6E2 /* SceneDelegate.swift in Sources */ = {isa = PBXBuildFile; fileRef = D18483B625CB615800D9D6E2 /* SceneDelegate.swift */; };
		D18483BC25CB615800D9D6E2 /* Main.storyboard in Resources */ = {isa = PBXBuildFile; fileRef = D18483BA25CB615800D9D6E2 /* Main.storyboard */; };
		D18483BE25CB615B00D9D6E2 /* Assets.xcassets in Resources */ = {isa = PBXBuildFile; fileRef = D18483BD25CB615B00D9D6E2 /* Assets.xcassets */; };
		D18483C125CB615B00D9D6E2 /* LaunchScreen.storyboard in Resources */ = {isa = PBXBuildFile; fileRef = D18483BF25CB615B00D9D6E2 /* LaunchScreen.storyboard */; };
		D18483CC25CB615C00D9D6E2 /* flixsterTests.swift in Sources */ = {isa = PBXBuildFile; fileRef = D18483CB25CB615C00D9D6E2 /* flixsterTests.swift */; };
		D18483D725CB615C00D9D6E2 /* flixsterUITests.swift in Sources */ = {isa = PBXBuildFile; fileRef = D18483D625CB615C00D9D6E2 /* flixsterUITests.swift */; };
		D18483FC25D0E50300D9D6E2 /* MovieCell.swift in Sources */ = {isa = PBXBuildFile; fileRef = D18483FB25D0E50300D9D6E2 /* MovieCell.swift */; };
		E0A6D71208E7E02F3BBA7266 /* Pods_flixsterTests.framework in Frameworks */ = {isa = PBXBuildFile; fileRef = 69DE83C947D640D57B101D91 /* Pods_flixsterTests.framework */; };
/* End PBXBuildFile section */

/* Begin PBXContainerItemProxy section */
		D18483C825CB615C00D9D6E2 /* PBXContainerItemProxy */ = {
			isa = PBXContainerItemProxy;
			containerPortal = D18483A925CB615800D9D6E2 /* Project object */;
			proxyType = 1;
			remoteGlobalIDString = D18483B025CB615800D9D6E2;
			remoteInfo = flixster;
		};
		D18483D325CB615C00D9D6E2 /* PBXContainerItemProxy */ = {
			isa = PBXContainerItemProxy;
			containerPortal = D18483A925CB615800D9D6E2 /* Project object */;
			proxyType = 1;
			remoteGlobalIDString = D18483B025CB615800D9D6E2;
			remoteInfo = flixster;
		};
/* End PBXContainerItemProxy section */

/* Begin PBXFileReference section */
		0CE4A5F3AC32D417BF3C3B87 /* Pods-flixster-flixsterUITests.debug.xcconfig */ = {isa = PBXFileReference; includeInIndex = 1; lastKnownFileType = text.xcconfig; name = "Pods-flixster-flixsterUITests.debug.xcconfig"; path = "Target Support Files/Pods-flixster-flixsterUITests/Pods-flixster-flixsterUITests.debug.xcconfig"; sourceTree = "<group>"; };
		26A22BEDAAE9D312D9E6775F /* Pods_flixster.framework */ = {isa = PBXFileReference; explicitFileType = wrapper.framework; includeInIndex = 0; path = Pods_flixster.framework; sourceTree = BUILT_PRODUCTS_DIR; };
		69DE83C947D640D57B101D91 /* Pods_flixsterTests.framework */ = {isa = PBXFileReference; explicitFileType = wrapper.framework; includeInIndex = 0; path = Pods_flixsterTests.framework; sourceTree = BUILT_PRODUCTS_DIR; };
		721F1200043FB29039ABB130 /* Pods-flixster-flixsterUITests.release.xcconfig */ = {isa = PBXFileReference; includeInIndex = 1; lastKnownFileType = text.xcconfig; name = "Pods-flixster-flixsterUITests.release.xcconfig"; path = "Target Support Files/Pods-flixster-flixsterUITests/Pods-flixster-flixsterUITests.release.xcconfig"; sourceTree = "<group>"; };
		7E7DC7866DD3D520EBE799A2 /* Pods-flixster.release.xcconfig */ = {isa = PBXFileReference; includeInIndex = 1; lastKnownFileType = text.xcconfig; name = "Pods-flixster.release.xcconfig"; path = "Target Support Files/Pods-flixster/Pods-flixster.release.xcconfig"; sourceTree = "<group>"; };
		A17E6D54BDB13F6AD7332558 /* Pods-flixsterTests.release.xcconfig */ = {isa = PBXFileReference; includeInIndex = 1; lastKnownFileType = text.xcconfig; name = "Pods-flixsterTests.release.xcconfig"; path = "Target Support Files/Pods-flixsterTests/Pods-flixsterTests.release.xcconfig"; sourceTree = "<group>"; };
		C56039BB39D93412FCFFE832 /* Pods-flixster.debug.xcconfig */ = {isa = PBXFileReference; includeInIndex = 1; lastKnownFileType = text.xcconfig; name = "Pods-flixster.debug.xcconfig"; path = "Target Support Files/Pods-flixster/Pods-flixster.debug.xcconfig"; sourceTree = "<group>"; };
		D145B1C325E09C5B00915F80 /* MovieDetailsViewController.swift */ = {isa = PBXFileReference; lastKnownFileType = sourcecode.swift; path = MovieDetailsViewController.swift; sourceTree = "<group>"; };
		D145B1C825E0A90E00915F80 /* MovieGridViewController.swift */ = {isa = PBXFileReference; lastKnownFileType = sourcecode.swift; path = MovieGridViewController.swift; sourceTree = "<group>"; };
		D145B1CD25E0C41700915F80 /* MovieGridCell.swift */ = {isa = PBXFileReference; lastKnownFileType = sourcecode.swift; path = MovieGridCell.swift; sourceTree = "<group>"; };
		D145B1D225E0D58C00915F80 /* MoviePosterDetailsViewController.swift */ = {isa = PBXFileReference; lastKnownFileType = sourcecode.swift; path = MoviePosterDetailsViewController.swift; sourceTree = "<group>"; };
		D18483B125CB615800D9D6E2 /* flixster.app */ = {isa = PBXFileReference; explicitFileType = wrapper.application; includeInIndex = 0; path = flixster.app; sourceTree = BUILT_PRODUCTS_DIR; };
		D18483B425CB615800D9D6E2 /* AppDelegate.swift */ = {isa = PBXFileReference; lastKnownFileType = sourcecode.swift; path = AppDelegate.swift; sourceTree = "<group>"; };
		D18483B625CB615800D9D6E2 /* SceneDelegate.swift */ = {isa = PBXFileReference; lastKnownFileType = sourcecode.swift; path = SceneDelegate.swift; sourceTree = "<group>"; };
		D18483BB25CB615800D9D6E2 /* Base */ = {isa = PBXFileReference; lastKnownFileType = file.storyboard; name = Base; path = Base.lproj/Main.storyboard; sourceTree = "<group>"; };
		D18483BD25CB615B00D9D6E2 /* Assets.xcassets */ = {isa = PBXFileReference; lastKnownFileType = folder.assetcatalog; path = Assets.xcassets; sourceTree = "<group>"; };
		D18483C025CB615B00D9D6E2 /* Base */ = {isa = PBXFileReference; lastKnownFileType = file.storyboard; name = Base; path = Base.lproj/LaunchScreen.storyboard; sourceTree = "<group>"; };
		D18483C225CB615B00D9D6E2 /* Info.plist */ = {isa = PBXFileReference; lastKnownFileType = text.plist.xml; path = Info.plist; sourceTree = "<group>"; };
		D18483C725CB615C00D9D6E2 /* flixsterTests.xctest */ = {isa = PBXFileReference; explicitFileType = wrapper.cfbundle; includeInIndex = 0; path = flixsterTests.xctest; sourceTree = BUILT_PRODUCTS_DIR; };
		D18483CB25CB615C00D9D6E2 /* flixsterTests.swift */ = {isa = PBXFileReference; lastKnownFileType = sourcecode.swift; path = flixsterTests.swift; sourceTree = "<group>"; };
		D18483CD25CB615C00D9D6E2 /* Info.plist */ = {isa = PBXFileReference; lastKnownFileType = text.plist.xml; path = Info.plist; sourceTree = "<group>"; };
		D18483D225CB615C00D9D6E2 /* flixsterUITests.xctest */ = {isa = PBXFileReference; explicitFileType = wrapper.cfbundle; includeInIndex = 0; path = flixsterUITests.xctest; sourceTree = BUILT_PRODUCTS_DIR; };
		D18483D625CB615C00D9D6E2 /* flixsterUITests.swift */ = {isa = PBXFileReference; lastKnownFileType = sourcecode.swift; path = flixsterUITests.swift; sourceTree = "<group>"; };
		D18483D825CB615C00D9D6E2 /* Info.plist */ = {isa = PBXFileReference; lastKnownFileType = text.plist.xml; path = Info.plist; sourceTree = "<group>"; };
		D18483F625D0C2AB00D9D6E2 /* MoviesViewController.swift */ = {isa = PBXFileReference; lastKnownFileType = sourcecode.swift; path = MoviesViewController.swift; sourceTree = "<group>"; };
		D18483FB25D0E50300D9D6E2 /* MovieCell.swift */ = {isa = PBXFileReference; lastKnownFileType = sourcecode.swift; path = MovieCell.swift; sourceTree = "<group>"; };
		D3AB46E46C6EFC04776F7AA7 /* Pods-flixsterTests.debug.xcconfig */ = {isa = PBXFileReference; includeInIndex = 1; lastKnownFileType = text.xcconfig; name = "Pods-flixsterTests.debug.xcconfig"; path = "Target Support Files/Pods-flixsterTests/Pods-flixsterTests.debug.xcconfig"; sourceTree = "<group>"; };
		D7D08C407C2BCB6EB613352F /* Pods_flixster_flixsterUITests.framework */ = {isa = PBXFileReference; explicitFileType = wrapper.framework; includeInIndex = 0; path = Pods_flixster_flixsterUITests.framework; sourceTree = BUILT_PRODUCTS_DIR; };
/* End PBXFileReference section */

/* Begin PBXFrameworksBuildPhase section */
		D18483AE25CB615800D9D6E2 /* Frameworks */ = {
			isa = PBXFrameworksBuildPhase;
			buildActionMask = 2147483647;
			files = (
				2F39160B652B29C84D0DC3D9 /* Pods_flixster.framework in Frameworks */,
			);
			runOnlyForDeploymentPostprocessing = 0;
		};
		D18483C425CB615C00D9D6E2 /* Frameworks */ = {
			isa = PBXFrameworksBuildPhase;
			buildActionMask = 2147483647;
			files = (
				E0A6D71208E7E02F3BBA7266 /* Pods_flixsterTests.framework in Frameworks */,
			);
			runOnlyForDeploymentPostprocessing = 0;
		};
		D18483CF25CB615C00D9D6E2 /* Frameworks */ = {
			isa = PBXFrameworksBuildPhase;
			buildActionMask = 2147483647;
			files = (
				22C55180E984C3A7003372F9 /* Pods_flixster_flixsterUITests.framework in Frameworks */,
			);
			runOnlyForDeploymentPostprocessing = 0;
		};
/* End PBXFrameworksBuildPhase section */

/* Begin PBXGroup section */
		08FB89E39A385B7730948337 /* Frameworks */ = {
			isa = PBXGroup;
			children = (
				26A22BEDAAE9D312D9E6775F /* Pods_flixster.framework */,
				D7D08C407C2BCB6EB613352F /* Pods_flixster_flixsterUITests.framework */,
				69DE83C947D640D57B101D91 /* Pods_flixsterTests.framework */,
			);
			name = Frameworks;
			sourceTree = "<group>";
		};
		314E9EC7B50B176BBF5AB6AF /* Pods */ = {
			isa = PBXGroup;
			children = (
				C56039BB39D93412FCFFE832 /* Pods-flixster.debug.xcconfig */,
				7E7DC7866DD3D520EBE799A2 /* Pods-flixster.release.xcconfig */,
				0CE4A5F3AC32D417BF3C3B87 /* Pods-flixster-flixsterUITests.debug.xcconfig */,
				721F1200043FB29039ABB130 /* Pods-flixster-flixsterUITests.release.xcconfig */,
				D3AB46E46C6EFC04776F7AA7 /* Pods-flixsterTests.debug.xcconfig */,
				A17E6D54BDB13F6AD7332558 /* Pods-flixsterTests.release.xcconfig */,
			);
			path = Pods;
			sourceTree = "<group>";
		};
		D18483A825CB615800D9D6E2 = {
			isa = PBXGroup;
			children = (
				D18483B325CB615800D9D6E2 /* flixster */,
				D18483CA25CB615C00D9D6E2 /* flixsterTests */,
				D18483D525CB615C00D9D6E2 /* flixsterUITests */,
				D18483B225CB615800D9D6E2 /* Products */,
				314E9EC7B50B176BBF5AB6AF /* Pods */,
				08FB89E39A385B7730948337 /* Frameworks */,
			);
			sourceTree = "<group>";
		};
		D18483B225CB615800D9D6E2 /* Products */ = {
			isa = PBXGroup;
			children = (
				D18483B125CB615800D9D6E2 /* flixster.app */,
				D18483C725CB615C00D9D6E2 /* flixsterTests.xctest */,
				D18483D225CB615C00D9D6E2 /* flixsterUITests.xctest */,
			);
			name = Products;
			sourceTree = "<group>";
		};
		D18483B325CB615800D9D6E2 /* flixster */ = {
			isa = PBXGroup;
			children = (
				D18483B425CB615800D9D6E2 /* AppDelegate.swift */,
				D18483B625CB615800D9D6E2 /* SceneDelegate.swift */,
				D18483BA25CB615800D9D6E2 /* Main.storyboard */,
				D145B1D225E0D58C00915F80 /* MoviePosterDetailsViewController.swift */,
				D145B1CD25E0C41700915F80 /* MovieGridCell.swift */,
				D145B1C825E0A90E00915F80 /* MovieGridViewController.swift */,
				D18483F625D0C2AB00D9D6E2 /* MoviesViewController.swift */,
				D18483BD25CB615B00D9D6E2 /* Assets.xcassets */,
				D18483BF25CB615B00D9D6E2 /* LaunchScreen.storyboard */,
				D18483C225CB615B00D9D6E2 /* Info.plist */,
				D18483FB25D0E50300D9D6E2 /* MovieCell.swift */,
				D145B1C325E09C5B00915F80 /* MovieDetailsViewController.swift */,
			);
			path = flixster;
			sourceTree = "<group>";
		};
		D18483CA25CB615C00D9D6E2 /* flixsterTests */ = {
			isa = PBXGroup;
			children = (
				D18483CB25CB615C00D9D6E2 /* flixsterTests.swift */,
				D18483CD25CB615C00D9D6E2 /* Info.plist */,
			);
			path = flixsterTests;
			sourceTree = "<group>";
		};
		D18483D525CB615C00D9D6E2 /* flixsterUITests */ = {
			isa = PBXGroup;
			children = (
				D18483D625CB615C00D9D6E2 /* flixsterUITests.swift */,
				D18483D825CB615C00D9D6E2 /* Info.plist */,
			);
			path = flixsterUITests;
			sourceTree = "<group>";
		};
/* End PBXGroup section */

/* Begin PBXNativeTarget section */
		D18483B025CB615800D9D6E2 /* flixster */ = {
			isa = PBXNativeTarget;
			buildConfigurationList = D18483DB25CB615C00D9D6E2 /* Build configuration list for PBXNativeTarget "flixster" */;
			buildPhases = (
				EFF7A90562A899555365709C /* [CP] Check Pods Manifest.lock */,
				D18483AD25CB615800D9D6E2 /* Sources */,
				D18483AE25CB615800D9D6E2 /* Frameworks */,
				D18483AF25CB615800D9D6E2 /* Resources */,
				0CC7A873C8EEDC9E41448DBA /* [CP] Embed Pods Frameworks */,
			);
			buildRules = (
			);
			dependencies = (
			);
			name = flixster;
			productName = flixster;
			productReference = D18483B125CB615800D9D6E2 /* flixster.app */;
			productType = "com.apple.product-type.application";
		};
		D18483C625CB615C00D9D6E2 /* flixsterTests */ = {
			isa = PBXNativeTarget;
			buildConfigurationList = D18483DE25CB615C00D9D6E2 /* Build configuration list for PBXNativeTarget "flixsterTests" */;
			buildPhases = (
				A389F136792BAF22406036E3 /* [CP] Check Pods Manifest.lock */,
				D18483C325CB615C00D9D6E2 /* Sources */,
				D18483C425CB615C00D9D6E2 /* Frameworks */,
				D18483C525CB615C00D9D6E2 /* Resources */,
			);
			buildRules = (
			);
			dependencies = (
				D18483C925CB615C00D9D6E2 /* PBXTargetDependency */,
			);
			name = flixsterTests;
			productName = flixsterTests;
			productReference = D18483C725CB615C00D9D6E2 /* flixsterTests.xctest */;
			productType = "com.apple.product-type.bundle.unit-test";
		};
		D18483D125CB615C00D9D6E2 /* flixsterUITests */ = {
			isa = PBXNativeTarget;
			buildConfigurationList = D18483E125CB615C00D9D6E2 /* Build configuration list for PBXNativeTarget "flixsterUITests" */;
			buildPhases = (
				DBB7F59810B41A230C4283CA /* [CP] Check Pods Manifest.lock */,
				D18483CE25CB615C00D9D6E2 /* Sources */,
				D18483CF25CB615C00D9D6E2 /* Frameworks */,
				D18483D025CB615C00D9D6E2 /* Resources */,
				F89027BCA186B03FE36AA1F1 /* [CP] Embed Pods Frameworks */,
			);
			buildRules = (
			);
			dependencies = (
				D18483D425CB615C00D9D6E2 /* PBXTargetDependency */,
			);
			name = flixsterUITests;
			productName = flixsterUITests;
			productReference = D18483D225CB615C00D9D6E2 /* flixsterUITests.xctest */;
			productType = "com.apple.product-type.bundle.ui-testing";
		};
/* End PBXNativeTarget section */

/* Begin PBXProject section */
		D18483A925CB615800D9D6E2 /* Project object */ = {
			isa = PBXProject;
			attributes = {
				LastSwiftUpdateCheck = 1240;
				LastUpgradeCheck = 1240;
				TargetAttributes = {
					D18483B025CB615800D9D6E2 = {
						CreatedOnToolsVersion = 12.4;
					};
					D18483C625CB615C00D9D6E2 = {
						CreatedOnToolsVersion = 12.4;
						TestTargetID = D18483B025CB615800D9D6E2;
					};
					D18483D125CB615C00D9D6E2 = {
						CreatedOnToolsVersion = 12.4;
						TestTargetID = D18483B025CB615800D9D6E2;
					};
				};
			};
			buildConfigurationList = D18483AC25CB615800D9D6E2 /* Build configuration list for PBXProject "flixster" */;
			compatibilityVersion = "Xcode 9.3";
			developmentRegion = en;
			hasScannedForEncodings = 0;
			knownRegions = (
				en,
				Base,
			);
			mainGroup = D18483A825CB615800D9D6E2;
			productRefGroup = D18483B225CB615800D9D6E2 /* Products */;
			projectDirPath = "";
			projectRoot = "";
			targets = (
				D18483B025CB615800D9D6E2 /* flixster */,
				D18483C625CB615C00D9D6E2 /* flixsterTests */,
				D18483D125CB615C00D9D6E2 /* flixsterUITests */,
			);
		};
/* End PBXProject section */

/* Begin PBXResourcesBuildPhase section */
		D18483AF25CB615800D9D6E2 /* Resources */ = {
			isa = PBXResourcesBuildPhase;
			buildActionMask = 2147483647;
			files = (
				D18483C125CB615B00D9D6E2 /* LaunchScreen.storyboard in Resources */,
				D18483BE25CB615B00D9D6E2 /* Assets.xcassets in Resources */,
				D18483BC25CB615800D9D6E2 /* Main.storyboard in Resources */,
			);
			runOnlyForDeploymentPostprocessing = 0;
		};
		D18483C525CB615C00D9D6E2 /* Resources */ = {
			isa = PBXResourcesBuildPhase;
			buildActionMask = 2147483647;
			files = (
			);
			runOnlyForDeploymentPostprocessing = 0;
		};
		D18483D025CB615C00D9D6E2 /* Resources */ = {
			isa = PBXResourcesBuildPhase;
			buildActionMask = 2147483647;
			files = (
			);
			runOnlyForDeploymentPostprocessing = 0;
		};
/* End PBXResourcesBuildPhase section */

/* Begin PBXShellScriptBuildPhase section */
		0CC7A873C8EEDC9E41448DBA /* [CP] Embed Pods Frameworks */ = {
			isa = PBXShellScriptBuildPhase;
			buildActionMask = 2147483647;
			files = (
			);
			inputFileListPaths = (
				"${PODS_ROOT}/Target Support Files/Pods-flixster/Pods-flixster-frameworks-${CONFIGURATION}-input-files.xcfilelist",
			);
			name = "[CP] Embed Pods Frameworks";
			outputFileListPaths = (
				"${PODS_ROOT}/Target Support Files/Pods-flixster/Pods-flixster-frameworks-${CONFIGURATION}-output-files.xcfilelist",
			);
			runOnlyForDeploymentPostprocessing = 0;
			shellPath = /bin/sh;
			shellScript = "\"${PODS_ROOT}/Target Support Files/Pods-flixster/Pods-flixster-frameworks.sh\"\n";
			showEnvVarsInLog = 0;
		};
		A389F136792BAF22406036E3 /* [CP] Check Pods Manifest.lock */ = {
			isa = PBXShellScriptBuildPhase;
			buildActionMask = 2147483647;
			files = (
			);
			inputFileListPaths = (
			);
			inputPaths = (
				"${PODS_PODFILE_DIR_PATH}/Podfile.lock",
				"${PODS_ROOT}/Manifest.lock",
			);
			name = "[CP] Check Pods Manifest.lock";
			outputFileListPaths = (
			);
			outputPaths = (
				"$(DERIVED_FILE_DIR)/Pods-flixsterTests-checkManifestLockResult.txt",
			);
			runOnlyForDeploymentPostprocessing = 0;
			shellPath = /bin/sh;
			shellScript = "diff \"${PODS_PODFILE_DIR_PATH}/Podfile.lock\" \"${PODS_ROOT}/Manifest.lock\" > /dev/null\nif [ $? != 0 ] ; then\n    # print error to STDERR\n    echo \"error: The sandbox is not in sync with the Podfile.lock. Run 'pod install' or update your CocoaPods installation.\" >&2\n    exit 1\nfi\n# This output is used by Xcode 'outputs' to avoid re-running this script phase.\necho \"SUCCESS\" > \"${SCRIPT_OUTPUT_FILE_0}\"\n";
			showEnvVarsInLog = 0;
		};
		DBB7F59810B41A230C4283CA /* [CP] Check Pods Manifest.lock */ = {
			isa = PBXShellScriptBuildPhase;
			buildActionMask = 2147483647;
			files = (
			);
			inputFileListPaths = (
			);
			inputPaths = (
				"${PODS_PODFILE_DIR_PATH}/Podfile.lock",
				"${PODS_ROOT}/Manifest.lock",
			);
			name = "[CP] Check Pods Manifest.lock";
			outputFileListPaths = (
			);
			outputPaths = (
				"$(DERIVED_FILE_DIR)/Pods-flixster-flixsterUITests-checkManifestLockResult.txt",
			);
			runOnlyForDeploymentPostprocessing = 0;
			shellPath = /bin/sh;
			shellScript = "diff \"${PODS_PODFILE_DIR_PATH}/Podfile.lock\" \"${PODS_ROOT}/Manifest.lock\" > /dev/null\nif [ $? != 0 ] ; then\n    # print error to STDERR\n    echo \"error: The sandbox is not in sync with the Podfile.lock. Run 'pod install' or update your CocoaPods installation.\" >&2\n    exit 1\nfi\n# This output is used by Xcode 'outputs' to avoid re-running this script phase.\necho \"SUCCESS\" > \"${SCRIPT_OUTPUT_FILE_0}\"\n";
			showEnvVarsInLog = 0;
		};
		EFF7A90562A899555365709C /* [CP] Check Pods Manifest.lock */ = {
			isa = PBXShellScriptBuildPhase;
			buildActionMask = 2147483647;
			files = (
			);
			inputFileListPaths = (
			);
			inputPaths = (
				"${PODS_PODFILE_DIR_PATH}/Podfile.lock",
				"${PODS_ROOT}/Manifest.lock",
			);
			name = "[CP] Check Pods Manifest.lock";
			outputFileListPaths = (
			);
			outputPaths = (
				"$(DERIVED_FILE_DIR)/Pods-flixster-checkManifestLockResult.txt",
			);
			runOnlyForDeploymentPostprocessing = 0;
			shellPath = /bin/sh;
			shellScript = "diff \"${PODS_PODFILE_DIR_PATH}/Podfile.lock\" \"${PODS_ROOT}/Manifest.lock\" > /dev/null\nif [ $? != 0 ] ; then\n    # print error to STDERR\n    echo \"error: The sandbox is not in sync with the Podfile.lock. Run 'pod install' or update your CocoaPods installation.\" >&2\n    exit 1\nfi\n# This output is used by Xcode 'outputs' to avoid re-running this script phase.\necho \"SUCCESS\" > \"${SCRIPT_OUTPUT_FILE_0}\"\n";
			showEnvVarsInLog = 0;
		};
		F89027BCA186B03FE36AA1F1 /* [CP] Embed Pods Frameworks */ = {
			isa = PBXShellScriptBuildPhase;
			buildActionMask = 2147483647;
			files = (
			);
			inputFileListPaths = (
				"${PODS_ROOT}/Target Support Files/Pods-flixster-flixsterUITests/Pods-flixster-flixsterUITests-frameworks-${CONFIGURATION}-input-files.xcfilelist",
			);
			name = "[CP] Embed Pods Frameworks";
			outputFileListPaths = (
				"${PODS_ROOT}/Target Support Files/Pods-flixster-flixsterUITests/Pods-flixster-flixsterUITests-frameworks-${CONFIGURATION}-output-files.xcfilelist",
			);
			runOnlyForDeploymentPostprocessing = 0;
			shellPath = /bin/sh;
			shellScript = "\"${PODS_ROOT}/Target Support Files/Pods-flixster-flixsterUITests/Pods-flixster-flixsterUITests-frameworks.sh\"\n";
			showEnvVarsInLog = 0;
		};
/* End PBXShellScriptBuildPhase section */

/* Begin PBXSourcesBuildPhase section */
		D18483AD25CB615800D9D6E2 /* Sources */ = {
			isa = PBXSourcesBuildPhase;
			buildActionMask = 2147483647;
			files = (
				D145B1C425E09C5B00915F80 /* MovieDetailsViewController.swift in Sources */,
				D18483B525CB615800D9D6E2 /* AppDelegate.swift in Sources */,
				D18483B725CB615800D9D6E2 /* SceneDelegate.swift in Sources */,
				D145B1D325E0D58C00915F80 /* MoviePosterDetailsViewController.swift in Sources */,
				D18483FC25D0E50300D9D6E2 /* MovieCell.swift in Sources */,
				D145B1B825E09AAA00915F80 /* MoviesViewController.swift in Sources */,
				D145B1C925E0A90E00915F80 /* MovieGridViewController.swift in Sources */,
				D145B1CE25E0C41700915F80 /* MovieGridCell.swift in Sources */,
			);
			runOnlyForDeploymentPostprocessing = 0;
		};
		D18483C325CB615C00D9D6E2 /* Sources */ = {
			isa = PBXSourcesBuildPhase;
			buildActionMask = 2147483647;
			files = (
				D18483CC25CB615C00D9D6E2 /* flixsterTests.swift in Sources */,
			);
			runOnlyForDeploymentPostprocessing = 0;
		};
		D18483CE25CB615C00D9D6E2 /* Sources */ = {
			isa = PBXSourcesBuildPhase;
			buildActionMask = 2147483647;
			files = (
				D18483D725CB615C00D9D6E2 /* flixsterUITests.swift in Sources */,
			);
			runOnlyForDeploymentPostprocessing = 0;
		};
/* End PBXSourcesBuildPhase section */

/* Begin PBXTargetDependency section */
		D18483C925CB615C00D9D6E2 /* PBXTargetDependency */ = {
			isa = PBXTargetDependency;
			target = D18483B025CB615800D9D6E2 /* flixster */;
			targetProxy = D18483C825CB615C00D9D6E2 /* PBXContainerItemProxy */;
		};
		D18483D425CB615C00D9D6E2 /* PBXTargetDependency */ = {
			isa = PBXTargetDependency;
			target = D18483B025CB615800D9D6E2 /* flixster */;
			targetProxy = D18483D325CB615C00D9D6E2 /* PBXContainerItemProxy */;
		};
/* End PBXTargetDependency section */

/* Begin PBXVariantGroup section */
		D18483BA25CB615800D9D6E2 /* Main.storyboard */ = {
			isa = PBXVariantGroup;
			children = (
				D18483BB25CB615800D9D6E2 /* Base */,
			);
			name = Main.storyboard;
			sourceTree = "<group>";
		};
		D18483BF25CB615B00D9D6E2 /* LaunchScreen.storyboard */ = {
			isa = PBXVariantGroup;
			children = (
				D18483C025CB615B00D9D6E2 /* Base */,
			);
			name = LaunchScreen.storyboard;
			sourceTree = "<group>";
		};
/* End PBXVariantGroup section */

/* Begin XCBuildConfiguration section */
		D18483D925CB615C00D9D6E2 /* Debug */ = {
			isa = XCBuildConfiguration;
			buildSettings = {
				ALWAYS_SEARCH_USER_PATHS = NO;
				CLANG_ANALYZER_NONNULL = YES;
				CLANG_ANALYZER_NUMBER_OBJECT_CONVERSION = YES_AGGRESSIVE;
				CLANG_CXX_LANGUAGE_STANDARD = "gnu++14";
				CLANG_CXX_LIBRARY = "libc++";
				CLANG_ENABLE_MODULES = YES;
				CLANG_ENABLE_OBJC_ARC = YES;
				CLANG_ENABLE_OBJC_WEAK = YES;
				CLANG_WARN_BLOCK_CAPTURE_AUTORELEASING = YES;
				CLANG_WARN_BOOL_CONVERSION = YES;
				CLANG_WARN_COMMA = YES;
				CLANG_WARN_CONSTANT_CONVERSION = YES;
				CLANG_WARN_DEPRECATED_OBJC_IMPLEMENTATIONS = YES;
				CLANG_WARN_DIRECT_OBJC_ISA_USAGE = YES_ERROR;
				CLANG_WARN_DOCUMENTATION_COMMENTS = YES;
				CLANG_WARN_EMPTY_BODY = YES;
				CLANG_WARN_ENUM_CONVERSION = YES;
				CLANG_WARN_INFINITE_RECURSION = YES;
				CLANG_WARN_INT_CONVERSION = YES;
				CLANG_WARN_NON_LITERAL_NULL_CONVERSION = YES;
				CLANG_WARN_OBJC_IMPLICIT_RETAIN_SELF = YES;
				CLANG_WARN_OBJC_LITERAL_CONVERSION = YES;
				CLANG_WARN_OBJC_ROOT_CLASS = YES_ERROR;
				CLANG_WARN_QUOTED_INCLUDE_IN_FRAMEWORK_HEADER = YES;
				CLANG_WARN_RANGE_LOOP_ANALYSIS = YES;
				CLANG_WARN_STRICT_PROTOTYPES = YES;
				CLANG_WARN_SUSPICIOUS_MOVE = YES;
				CLANG_WARN_UNGUARDED_AVAILABILITY = YES_AGGRESSIVE;
				CLANG_WARN_UNREACHABLE_CODE = YES;
				CLANG_WARN__DUPLICATE_METHOD_MATCH = YES;
				COPY_PHASE_STRIP = NO;
				DEBUG_INFORMATION_FORMAT = dwarf;
				ENABLE_STRICT_OBJC_MSGSEND = YES;
				ENABLE_TESTABILITY = YES;
				GCC_C_LANGUAGE_STANDARD = gnu11;
				GCC_DYNAMIC_NO_PIC = NO;
				GCC_NO_COMMON_BLOCKS = YES;
				GCC_OPTIMIZATION_LEVEL = 0;
				GCC_PREPROCESSOR_DEFINITIONS = (
					"DEBUG=1",
					"$(inherited)",
				);
				GCC_WARN_64_TO_32_BIT_CONVERSION = YES;
				GCC_WARN_ABOUT_RETURN_TYPE = YES_ERROR;
				GCC_WARN_UNDECLARED_SELECTOR = YES;
				GCC_WARN_UNINITIALIZED_AUTOS = YES_AGGRESSIVE;
				GCC_WARN_UNUSED_FUNCTION = YES;
				GCC_WARN_UNUSED_VARIABLE = YES;
				IPHONEOS_DEPLOYMENT_TARGET = 14.4;
				MTL_ENABLE_DEBUG_INFO = INCLUDE_SOURCE;
				MTL_FAST_MATH = YES;
				ONLY_ACTIVE_ARCH = YES;
				SDKROOT = iphoneos;
				SWIFT_ACTIVE_COMPILATION_CONDITIONS = DEBUG;
				SWIFT_OPTIMIZATION_LEVEL = "-Onone";
			};
			name = Debug;
		};
		D18483DA25CB615C00D9D6E2 /* Release */ = {
			isa = XCBuildConfiguration;
			buildSettings = {
				ALWAYS_SEARCH_USER_PATHS = NO;
				CLANG_ANALYZER_NONNULL = YES;
				CLANG_ANALYZER_NUMBER_OBJECT_CONVERSION = YES_AGGRESSIVE;
				CLANG_CXX_LANGUAGE_STANDARD = "gnu++14";
				CLANG_CXX_LIBRARY = "libc++";
				CLANG_ENABLE_MODULES = YES;
				CLANG_ENABLE_OBJC_ARC = YES;
				CLANG_ENABLE_OBJC_WEAK = YES;
				CLANG_WARN_BLOCK_CAPTURE_AUTORELEASING = YES;
				CLANG_WARN_BOOL_CONVERSION = YES;
				CLANG_WARN_COMMA = YES;
				CLANG_WARN_CONSTANT_CONVERSION = YES;
				CLANG_WARN_DEPRECATED_OBJC_IMPLEMENTATIONS = YES;
				CLANG_WARN_DIRECT_OBJC_ISA_USAGE = YES_ERROR;
				CLANG_WARN_DOCUMENTATION_COMMENTS = YES;
				CLANG_WARN_EMPTY_BODY = YES;
				CLANG_WARN_ENUM_CONVERSION = YES;
				CLANG_WARN_INFINITE_RECURSION = YES;
				CLANG_WARN_INT_CONVERSION = YES;
				CLANG_WARN_NON_LITERAL_NULL_CONVERSION = YES;
				CLANG_WARN_OBJC_IMPLICIT_RETAIN_SELF = YES;
				CLANG_WARN_OBJC_LITERAL_CONVERSION = YES;
				CLANG_WARN_OBJC_ROOT_CLASS = YES_ERROR;
				CLANG_WARN_QUOTED_INCLUDE_IN_FRAMEWORK_HEADER = YES;
				CLANG_WARN_RANGE_LOOP_ANALYSIS = YES;
				CLANG_WARN_STRICT_PROTOTYPES = YES;
				CLANG_WARN_SUSPICIOUS_MOVE = YES;
				CLANG_WARN_UNGUARDED_AVAILABILITY = YES_AGGRESSIVE;
				CLANG_WARN_UNREACHABLE_CODE = YES;
				CLANG_WARN__DUPLICATE_METHOD_MATCH = YES;
				COPY_PHASE_STRIP = NO;
				DEBUG_INFORMATION_FORMAT = "dwarf-with-dsym";
				ENABLE_NS_ASSERTIONS = NO;
				ENABLE_STRICT_OBJC_MSGSEND = YES;
				GCC_C_LANGUAGE_STANDARD = gnu11;
				GCC_NO_COMMON_BLOCKS = YES;
				GCC_WARN_64_TO_32_BIT_CONVERSION = YES;
				GCC_WARN_ABOUT_RETURN_TYPE = YES_ERROR;
				GCC_WARN_UNDECLARED_SELECTOR = YES;
				GCC_WARN_UNINITIALIZED_AUTOS = YES_AGGRESSIVE;
				GCC_WARN_UNUSED_FUNCTION = YES;
				GCC_WARN_UNUSED_VARIABLE = YES;
				IPHONEOS_DEPLOYMENT_TARGET = 14.4;
				MTL_ENABLE_DEBUG_INFO = NO;
				MTL_FAST_MATH = YES;
				SDKROOT = iphoneos;
				SWIFT_COMPILATION_MODE = wholemodule;
				SWIFT_OPTIMIZATION_LEVEL = "-O";
				VALIDATE_PRODUCT = YES;
			};
			name = Release;
		};
		D18483DC25CB615C00D9D6E2 /* Debug */ = {
			isa = XCBuildConfiguration;
			baseConfigurationReference = C56039BB39D93412FCFFE832 /* Pods-flixster.debug.xcconfig */;
			buildSettings = {
				ASSETCATALOG_COMPILER_APPICON_NAME = AppIcon;
				ASSETCATALOG_COMPILER_GLOBAL_ACCENT_COLOR_NAME = AccentColor;
				CODE_SIGN_STYLE = Automatic;
				INFOPLIST_FILE = flixster/Info.plist;
				LD_RUNPATH_SEARCH_PATHS = (
					"$(inherited)",
					"@executable_path/Frameworks",
				);
				PRODUCT_BUNDLE_IDENTIFIER = "ryan.tjakrak-gmail.com.flixster";
				PRODUCT_NAME = "$(TARGET_NAME)";
				SWIFT_VERSION = 5.0;
				TARGETED_DEVICE_FAMILY = "1,2";
			};
			name = Debug;
		};
		D18483DD25CB615C00D9D6E2 /* Release */ = {
			isa = XCBuildConfiguration;
			baseConfigurationReference = 7E7DC7866DD3D520EBE799A2 /* Pods-flixster.release.xcconfig */;
			buildSettings = {
				ASSETCATALOG_COMPILER_APPICON_NAME = AppIcon;
				ASSETCATALOG_COMPILER_GLOBAL_ACCENT_COLOR_NAME = AccentColor;
				CODE_SIGN_STYLE = Automatic;
				INFOPLIST_FILE = flixster/Info.plist;
				LD_RUNPATH_SEARCH_PATHS = (
					"$(inherited)",
					"@executable_path/Frameworks",
				);
				PRODUCT_BUNDLE_IDENTIFIER = "ryan.tjakrak-gmail.com.flixster";
				PRODUCT_NAME = "$(TARGET_NAME)";
				SWIFT_VERSION = 5.0;
				TARGETED_DEVICE_FAMILY = "1,2";
			};
			name = Release;
		};
		D18483DF25CB615C00D9D6E2 /* Debug */ = {
			isa = XCBuildConfiguration;
			baseConfigurationReference = D3AB46E46C6EFC04776F7AA7 /* Pods-flixsterTests.debug.xcconfig */;
			buildSettings = {
				ALWAYS_EMBED_SWIFT_STANDARD_LIBRARIES = YES;
				BUNDLE_LOADER = "$(TEST_HOST)";
				CODE_SIGN_STYLE = Automatic;
				INFOPLIST_FILE = flixsterTests/Info.plist;
				IPHONEOS_DEPLOYMENT_TARGET = 14.4;
				LD_RUNPATH_SEARCH_PATHS = (
					"$(inherited)",
					"@executable_path/Frameworks",
					"@loader_path/Frameworks",
				);
				PRODUCT_BUNDLE_IDENTIFIER = "ryan.tjakrak-gmail.com.flixsterTests";
				PRODUCT_NAME = "$(TARGET_NAME)";
				SWIFT_VERSION = 5.0;
				TARGETED_DEVICE_FAMILY = "1,2";
				TEST_HOST = "$(BUILT_PRODUCTS_DIR)/flixster.app/flixster";
			};
			name = Debug;
		};
		D18483E025CB615C00D9D6E2 /* Release */ = {
			isa = XCBuildConfiguration;
			baseConfigurationReference = A17E6D54BDB13F6AD7332558 /* Pods-flixsterTests.release.xcconfig */;
			buildSettings = {
				ALWAYS_EMBED_SWIFT_STANDARD_LIBRARIES = YES;
				BUNDLE_LOADER = "$(TEST_HOST)";
				CODE_SIGN_STYLE = Automatic;
				INFOPLIST_FILE = flixsterTests/Info.plist;
				IPHONEOS_DEPLOYMENT_TARGET = 14.4;
				LD_RUNPATH_SEARCH_PATHS = (
					"$(inherited)",
					"@executable_path/Frameworks",
					"@loader_path/Frameworks",
				);
				PRODUCT_BUNDLE_IDENTIFIER = "ryan.tjakrak-gmail.com.flixsterTests";
				PRODUCT_NAME = "$(TARGET_NAME)";
				SWIFT_VERSION = 5.0;
				TARGETED_DEVICE_FAMILY = "1,2";
				TEST_HOST = "$(BUILT_PRODUCTS_DIR)/flixster.app/flixster";
			};
			name = Release;
		};
		D18483E225CB615C00D9D6E2 /* Debug */ = {
			isa = XCBuildConfiguration;
			baseConfigurationReference = 0CE4A5F3AC32D417BF3C3B87 /* Pods-flixster-flixsterUITests.debug.xcconfig */;
			buildSettings = {
				ALWAYS_EMBED_SWIFT_STANDARD_LIBRARIES = YES;
				CODE_SIGN_STYLE = Automatic;
				INFOPLIST_FILE = flixsterUITests/Info.plist;
				LD_RUNPATH_SEARCH_PATHS = (
					"$(inherited)",
					"@executable_path/Frameworks",
					"@loader_path/Frameworks",
				);
				PRODUCT_BUNDLE_IDENTIFIER = "ryan.tjakrak-gmail.com.flixsterUITests";
				PRODUCT_NAME = "$(TARGET_NAME)";
				SWIFT_VERSION = 5.0;
				TARGETED_DEVICE_FAMILY = "1,2";
				TEST_TARGET_NAME = flixster;
			};
			name = Debug;
		};
		D18483E325CB615C00D9D6E2 /* Release */ = {
			isa = XCBuildConfiguration;
			baseConfigurationReference = 721F1200043FB29039ABB130 /* Pods-flixster-flixsterUITests.release.xcconfig */;
			buildSettings = {
				ALWAYS_EMBED_SWIFT_STANDARD_LIBRARIES = YES;
				CODE_SIGN_STYLE = Automatic;
				INFOPLIST_FILE = flixsterUITests/Info.plist;
				LD_RUNPATH_SEARCH_PATHS = (
					"$(inherited)",
					"@executable_path/Frameworks",
					"@loader_path/Frameworks",
				);
				PRODUCT_BUNDLE_IDENTIFIER = "ryan.tjakrak-gmail.com.flixsterUITests";
				PRODUCT_NAME = "$(TARGET_NAME)";
				SWIFT_VERSION = 5.0;
				TARGETED_DEVICE_FAMILY = "1,2";
				TEST_TARGET_NAME = flixster;
			};
			name = Release;
		};
/* End XCBuildConfiguration section */

/* Begin XCConfigurationList section */
		D18483AC25CB615800D9D6E2 /* Build configuration list for PBXProject "flixster" */ = {
			isa = XCConfigurationList;
			buildConfigurations = (
				D18483D925CB615C00D9D6E2 /* Debug */,
				D18483DA25CB615C00D9D6E2 /* Release */,
			);
			defaultConfigurationIsVisible = 0;
			defaultConfigurationName = Release;
		};
		D18483DB25CB615C00D9D6E2 /* Build configuration list for PBXNativeTarget "flixster" */ = {
			isa = XCConfigurationList;
			buildConfigurations = (
				D18483DC25CB615C00D9D6E2 /* Debug */,
				D18483DD25CB615C00D9D6E2 /* Release */,
			);
			defaultConfigurationIsVisible = 0;
			defaultConfigurationName = Release;
		};
		D18483DE25CB615C00D9D6E2 /* Build configuration list for PBXNativeTarget "flixsterTests" */ = {
			isa = XCConfigurationList;
			buildConfigurations = (
				D18483DF25CB615C00D9D6E2 /* Debug */,
				D18483E025CB615C00D9D6E2 /* Release */,
			);
			defaultConfigurationIsVisible = 0;
			defaultConfigurationName = Release;
		};
		D18483E125CB615C00D9D6E2 /* Build configuration list for PBXNativeTarget "flixsterUITests" */ = {
			isa = XCConfigurationList;
			buildConfigurations = (
				D18483E225CB615C00D9D6E2 /* Debug */,
				D18483E325CB615C00D9D6E2 /* Release */,
			);
			defaultConfigurationIsVisible = 0;
			defaultConfigurationName = Release;
		};
/* End XCConfigurationList section */
	};
	rootObject = D18483A925CB615800D9D6E2 /* Project object */;
}
