// !$*UTF8*$!
{
	archiveVersion = 1;
	classes = {
	};
	objectVersion = 50;
	objects = {

/* Begin PBXBuildFile section */
		D18483B525CB615800D9D6E2 /* AppDelegate.swift in Sources */ = {isa = PBXBuildFile; fileRef = D18483B425CB615800D9D6E2 /* AppDelegate.swift */; };
		D18483B725CB615800D9D6E2 /* SceneDelegate.swift in Sources */ = {isa = PBXBuildFile; fileRef = D18483B625CB615800D9D6E2 /* SceneDelegate.swift */; };
		D18483B925CB615800D9D6E2 /* ViewController.swift in Sources */ = {isa = PBXBuildFile; fileRef = D18483B825CB615800D9D6E2 /* ViewController.swift */; };
		D18483BC25CB615800D9D6E2 /* Main.storyboard in Resources */ = {isa = PBXBuildFile; fileRef = D18483BA25CB615800D9D6E2 /* Main.storyboard */; };
		D18483BE25CB615B00D9D6E2 /* Assets.xcassets in Resources */ = {isa = PBXBuildFile; fileRef = D18483BD25CB615B00D9D6E2 /* Assets.xcassets */; };
		D18483C125CB615B00D9D6E2 /* LaunchScreen.storyboard in Resources */ = {isa = PBXBuildFile; fileRef = D18483BF25CB615B00D9D6E2 /* LaunchScreen.storyboard */; };
		D18483CC25CB615C00D9D6E2 /* flixsterTests.swift in Sources */ = {isa = PBXBuildFile; fileRef = D18483CB25CB615C00D9D6E2 /* flixsterTests.swift */; };
		D18483D725CB615C00D9D6E2 /* flixsterUITests.swift in Sources */ = {isa = PBXBuildFile; fileRef = D18483D625CB615C00D9D6E2 /* flixsterUITests.swift */; };
/* End PBXBuildFile section */

/* Begin PBXContainerItemProxy section */
		D18483C825CB615C00D9D6E2 /* PBXContainerItemProxy */ = {
			isa = PBXContainerItemProxy;
			containerPortal = D18483A925CB615800D9D6E2 /* Project object */;
			proxyType = 1;
			remoteGlobalIDString = D18483B025CB615800D9D6E2;
			remoteInfo = flixster;
		};
		D18483D325CB615C00D9D6E2 /* PBXContainerItemProxy */ = {
			isa = PBXContainerItemProxy;
			containerPortal = D18483A925CB615800D9D6E2 /* Project object */;
			proxyType = 1;
			remoteGlobalIDString = D18483B025CB615800D9D6E2;
			remoteInfo = flixster;
		};
/* End PBXContainerItemProxy section */

/* Begin PBXFileReference section */
		D18483B125CB615800D9D6E2 /* flixster.app */ = {isa = PBXFileReference; explicitFileType = wrapper.application; includeInIndex = 0; path = flixster.app; sourceTree = BUILT_PRODUCTS_DIR; };
		D18483B425CB615800D9D6E2 /* AppDelegate.swift */ = {isa = PBXFileReference; lastKnownFileType = sourcecode.swift; path = AppDelegate.swift; sourceTree = "<group>"; };
		D18483B625CB615800D9D6E2 /* SceneDelegate.swift */ = {isa = PBXFileReference; lastKnownFileType = sourcecode.swift; path = SceneDelegate.swift; sourceTree = "<group>"; };
		D18483B825CB615800D9D6E2 /* ViewController.swift */ = {isa = PBXFileReference; lastKnownFileType = sourcecode.swift; path = ViewController.swift; sourceTree = "<group>"; };
		D18483BB25CB615800D9D6E2 /* Base */ = {isa = PBXFileReference; lastKnownFileType = file.storyboard; name = Base; path = Base.lproj/Main.storyboard; sourceTree = "<group>"; };
		D18483BD25CB615B00D9D6E2 /* Assets.xcassets */ = {isa = PBXFileReference; lastKnownFileType = folder.assetcatalog; path = Assets.xcassets; sourceTree = "<group>"; };
		D18483C025CB615B00D9D6E2 /* Base */ = {isa = PBXFileReference; lastKnownFileType = file.storyboard; name = Base; path = Base.lproj/LaunchScreen.storyboard; sourceTree = "<group>"; };
		D18483C225CB615B00D9D6E2 /* Info.plist */ = {isa = PBXFileReference; lastKnownFileType = text.plist.xml; path = Info.plist; sourceTree = "<group>"; };
		D18483C725CB615C00D9D6E2 /* flixsterTests.xctest */ = {isa = PBXFileReference; explicitFileType = wrapper.cfbundle; includeInIndex = 0; path = flixsterTests.xctest; sourceTree = BUILT_PRODUCTS_DIR; };
		D18483CB25CB615C00D9D6E2 /* flixsterTests.swift */ = {isa = PBXFileReference; lastKnownFileType = sourcecode.swift; path = flixsterTests.swift; sourceTree = "<group>"; };
		D18483CD25CB615C00D9D6E2 /* Info.plist */ = {isa = PBXFileReference; lastKnownFileType = text.plist.xml; path = Info.plist; sourceTree = "<group>"; };
		D18483D225CB615C00D9D6E2 /* flixsterUITests.xctest */ = {isa = PBXFileReference; explicitFileType = wrapper.cfbundle; includeInIndex = 0; path = flixsterUITests.xctest; sourceTree = BUILT_PRODUCTS_DIR; };
		D18483D625CB615C00D9D6E2 /* flixsterUITests.swift */ = {isa = PBXFileReference; lastKnownFileType = sourcecode.swift; path = flixsterUITests.swift; sourceTree = "<group>"; };
		D18483D825CB615C00D9D6E2 /* Info.plist */ = {isa = PBXFileReference; lastKnownFileType = text.plist.xml; path = Info.plist; sourceTree = "<group>"; };
/* End PBXFileReference section */

/* Begin PBXFrameworksBuildPhase section */
		D18483AE25CB615800D9D6E2 /* Frameworks */ = {
			isa = PBXFrameworksBuildPhase;
			buildActionMask = 2147483647;
			files = (
			);
			runOnlyForDeploymentPostprocessing = 0;
		};
		D18483C425CB615C00D9D6E2 /* Frameworks */ = {
			isa = PBXFrameworksBuildPhase;
			buildActionMask = 2147483647;
			files = (
			);
			runOnlyForDeploymentPostprocessing = 0;
		};
		D18483CF25CB615C00D9D6E2 /* Frameworks */ = {
			isa = PBXFrameworksBuildPhase;
			buildActionMask = 2147483647;
			files = (
			);
			runOnlyForDeploymentPostprocessing = 0;
		};
/* End PBXFrameworksBuildPhase section */

/* Begin PBXGroup section */
		D18483A825CB615800D9D6E2 = {
			isa = PBXGroup;
			children = (
				D18483B325CB615800D9D6E2 /* flixster */,
				D18483CA25CB615C00D9D6E2 /* flixsterTests */,
				D18483D525CB615C00D9D6E2 /* flixsterUITests */,
				D18483B225CB615800D9D6E2 /* Products */,
			);
			sourceTree = "<group>";
		};
		D18483B225CB615800D9D6E2 /* Products */ = {
			isa = PBXGroup;
			children = (
				D18483B125CB615800D9D6E2 /* flixster.app */,
				D18483C725CB615C00D9D6E2 /* flixsterTests.xctest */,
				D18483D225CB615C00D9D6E2 /* flixsterUITests.xctest */,
			);
			name = Products;
			sourceTree = "<group>";
		};
		D18483B325CB615800D9D6E2 /* flixster */ = {
			isa = PBXGroup;
			children = (
				D18483B425CB615800D9D6E2 /* AppDelegate.swift */,
				D18483B625CB615800D9D6E2 /* SceneDelegate.swift */,
				D18483B825CB615800D9D6E2 /* ViewController.swift */,
				D18483BA25CB615800D9D6E2 /* Main.storyboard */,
				D18483BD25CB615B00D9D6E2 /* Assets.xcassets */,
				D18483BF25CB615B00D9D6E2 /* LaunchScreen.storyboard */,
				D18483C225CB615B00D9D6E2 /* Info.plist */,
			);
			path = flixster;
			sourceTree = "<group>";
		};
		D18483CA25CB615C00D9D6E2 /* flixsterTests */ = {
			isa = PBXGroup;
			children = (
				D18483CB25CB615C00D9D6E2 /* flixsterTests.swift */,
				D18483CD25CB615C00D9D6E2 /* Info.plist */,
			);
			path = flixsterTests;
			sourceTree = "<group>";
		};
		D18483D525CB615C00D9D6E2 /* flixsterUITests */ = {
			isa = PBXGroup;
			children = (
				D18483D625CB615C00D9D6E2 /* flixsterUITests.swift */,
				D18483D825CB615C00D9D6E2 /* Info.plist */,
			);
			path = flixsterUITests;
			sourceTree = "<group>";
		};
/* End PBXGroup section */

/* Begin PBXNativeTarget section */
		D18483B025CB615800D9D6E2 /* flixster */ = {
			isa = PBXNativeTarget;
			buildConfigurationList = D18483DB25CB615C00D9D6E2 /* Build configuration list for PBXNativeTarget "flixster" */;
			buildPhases = (
				D18483AD25CB615800D9D6E2 /* Sources */,
				D18483AE25CB615800D9D6E2 /* Frameworks */,
				D18483AF25CB615800D9D6E2 /* Resources */,
			);
			buildRules = (
			);
			dependencies = (
			);
			name = flixster;
			productName = flixster;
			productReference = D18483B125CB615800D9D6E2 /* flixster.app */;
			productType = "com.apple.product-type.application";
		};
		D18483C625CB615C00D9D6E2 /* flixsterTests */ = {
			isa = PBXNativeTarget;
			buildConfigurationList = D18483DE25CB615C00D9D6E2 /* Build configuration list for PBXNativeTarget "flixsterTests" */;
			buildPhases = (
				D18483C325CB615C00D9D6E2 /* Sources */,
				D18483C425CB615C00D9D6E2 /* Frameworks */,
				D18483C525CB615C00D9D6E2 /* Resources */,
			);
			buildRules = (
			);
			dependencies = (
				D18483C925CB615C00D9D6E2 /* PBXTargetDependency */,
			);
			name = flixsterTests;
			productName = flixsterTests;
			productReference = D18483C725CB615C00D9D6E2 /* flixsterTests.xctest */;
			productType = "com.apple.product-type.bundle.unit-test";
		};
		D18483D125CB615C00D9D6E2 /* flixsterUITests */ = {
			isa = PBXNativeTarget;
			buildConfigurationList = D18483E125CB615C00D9D6E2 /* Build configuration list for PBXNativeTarget "flixsterUITests" */;
			buildPhases = (
				D18483CE25CB615C00D9D6E2 /* Sources */,
				D18483CF25CB615C00D9D6E2 /* Frameworks */,
				D18483D025CB615C00D9D6E2 /* Resources */,
			);
			buildRules = (
			);
			dependencies = (
				D18483D425CB615C00D9D6E2 /* PBXTargetDependency */,
			);
			name = flixsterUITests;
			productName = flixsterUITests;
			productReference = D18483D225CB615C00D9D6E2 /* flixsterUITests.xctest */;
			productType = "com.apple.product-type.bundle.ui-testing";
		};
/* End PBXNativeTarget section */

/* Begin PBXProject section */
		D18483A925CB615800D9D6E2 /* Project object */ = {
			isa = PBXProject;
			attributes = {
				LastSwiftUpdateCheck = 1240;
				LastUpgradeCheck = 1240;
				TargetAttributes = {
					D18483B025CB615800D9D6E2 = {
						CreatedOnToolsVersion = 12.4;
					};
					D18483C625CB615C00D9D6E2 = {
						CreatedOnToolsVersion = 12.4;
						TestTargetID = D18483B025CB615800D9D6E2;
					};
					D18483D125CB615C00D9D6E2 = {
						CreatedOnToolsVersion = 12.4;
						TestTargetID = D18483B025CB615800D9D6E2;
					};
				};
			};
			buildConfigurationList = D18483AC25CB615800D9D6E2 /* Build configuration list for PBXProject "flixster" */;
			compatibilityVersion = "Xcode 9.3";
			developmentRegion = en;
			hasScannedForEncodings = 0;
			knownRegions = (
				en,
				Base,
			);
			mainGroup = D18483A825CB615800D9D6E2;
			productRefGroup = D18483B225CB615800D9D6E2 /* Products */;
			projectDirPath = "";
			projectRoot = "";
			targets = (
				D18483B025CB615800D9D6E2 /* flixster */,
				D18483C625CB615C00D9D6E2 /* flixsterTests */,
				D18483D125CB615C00D9D6E2 /* flixsterUITests */,
			);
		};
/* End PBXProject section */

/* Begin PBXResourcesBuildPhase section */
		D18483AF25CB615800D9D6E2 /* Resources */ = {
			isa = PBXResourcesBuildPhase;
			buildActionMask = 2147483647;
			files = (
				D18483C125CB615B00D9D6E2 /* LaunchScreen.storyboard in Resources */,
				D18483BE25CB615B00D9D6E2 /* Assets.xcassets in Resources */,
				D18483BC25CB615800D9D6E2 /* Main.storyboard in Resources */,
			);
			runOnlyForDeploymentPostprocessing = 0;
		};
		D18483C525CB615C00D9D6E2 /* Resources */ = {
			isa = PBXResourcesBuildPhase;
			buildActionMask = 2147483647;
			files = (
			);
			runOnlyForDeploymentPostprocessing = 0;
		};
		D18483D025CB615C00D9D6E2 /* Resources */ = {
			isa = PBXResourcesBuildPhase;
			buildActionMask = 2147483647;
			files = (
			);
			runOnlyForDeploymentPostprocessing = 0;
		};
/* End PBXResourcesBuildPhase section */

/* Begin PBXSourcesBuildPhase section */
		D18483AD25CB615800D9D6E2 /* Sources */ = {
			isa = PBXSourcesBuildPhase;
			buildActionMask = 2147483647;
			files = (
				D18483B925CB615800D9D6E2 /* ViewController.swift in Sources */,
				D18483B525CB615800D9D6E2 /* AppDelegate.swift in Sources */,
				D18483B725CB615800D9D6E2 /* SceneDelegate.swift in Sources */,
			);
			runOnlyForDeploymentPostprocessing = 0;
		};
		D18483C325CB615C00D9D6E2 /* Sources */ = {
			isa = PBXSourcesBuildPhase;
			buildActionMask = 2147483647;
			files = (
				D18483CC25CB615C00D9D6E2 /* flixsterTests.swift in Sources */,
			);
			runOnlyForDeploymentPostprocessing = 0;
		};
		D18483CE25CB615C00D9D6E2 /* Sources */ = {
			isa = PBXSourcesBuildPhase;
			buildActionMask = 2147483647;
			files = (
				D18483D725CB615C00D9D6E2 /* flixsterUITests.swift in Sources */,
			);
			runOnlyForDeploymentPostprocessing = 0;
		};
/* End PBXSourcesBuildPhase section */

/* Begin PBXTargetDependency section */
		D18483C925CB615C00D9D6E2 /* PBXTargetDependency */ = {
			isa = PBXTargetDependency;
			target = D18483B025CB615800D9D6E2 /* flixster */;
			targetProxy = D18483C825CB615C00D9D6E2 /* PBXContainerItemProxy */;
		};
		D18483D425CB615C00D9D6E2 /* PBXTargetDependency */ = {
			isa = PBXTargetDependency;
			target = D18483B025CB615800D9D6E2 /* flixster */;
			targetProxy = D18483D325CB615C00D9D6E2 /* PBXContainerItemProxy */;
		};
/* End PBXTargetDependency section */

/* Begin PBXVariantGroup section */
		D18483BA25CB615800D9D6E2 /* Main.storyboard */ = {
			isa = PBXVariantGroup;
			children = (
				D18483BB25CB615800D9D6E2 /* Base */,
			);
			name = Main.storyboard;
			sourceTree = "<group>";
		};
		D18483BF25CB615B00D9D6E2 /* LaunchScreen.storyboard */ = {
			isa = PBXVariantGroup;
			children = (
				D18483C025CB615B00D9D6E2 /* Base */,
			);
			name = LaunchScreen.storyboard;
			sourceTree = "<group>";
		};
/* End PBXVariantGroup section */

/* Begin XCBuildConfiguration section */
		D18483D925CB615C00D9D6E2 /* Debug */ = {
			isa = XCBuildConfiguration;
			buildSettings = {
				ALWAYS_SEARCH_USER_PATHS = NO;
				CLANG_ANALYZER_NONNULL = YES;
				CLANG_ANALYZER_NUMBER_OBJECT_CONVERSION = YES_AGGRESSIVE;
				CLANG_CXX_LANGUAGE_STANDARD = "gnu++14";
				CLANG_CXX_LIBRARY = "libc++";
				CLANG_ENABLE_MODULES = YES;
				CLANG_ENABLE_OBJC_ARC = YES;
				CLANG_ENABLE_OBJC_WEAK = YES;
				CLANG_WARN_BLOCK_CAPTURE_AUTORELEASING = YES;
				CLANG_WARN_BOOL_CONVERSION = YES;
				CLANG_WARN_COMMA = YES;
				CLANG_WARN_CONSTANT_CONVERSION = YES;
				CLANG_WARN_DEPRECATED_OBJC_IMPLEMENTATIONS = YES;
				CLANG_WARN_DIRECT_OBJC_ISA_USAGE = YES_ERROR;
				CLANG_WARN_DOCUMENTATION_COMMENTS = YES;
				CLANG_WARN_EMPTY_BODY = YES;
				CLANG_WARN_ENUM_CONVERSION = YES;
				CLANG_WARN_INFINITE_RECURSION = YES;
				CLANG_WARN_INT_CONVERSION = YES;
				CLANG_WARN_NON_LITERAL_NULL_CONVERSION = YES;
				CLANG_WARN_OBJC_IMPLICIT_RETAIN_SELF = YES;
				CLANG_WARN_OBJC_LITERAL_CONVERSION = YES;
				CLANG_WARN_OBJC_ROOT_CLASS = YES_ERROR;
				CLANG_WARN_QUOTED_INCLUDE_IN_FRAMEWORK_HEADER = YES;
				CLANG_WARN_RANGE_LOOP_ANALYSIS = YES;
				CLANG_WARN_STRICT_PROTOTYPES = YES;
				CLANG_WARN_SUSPICIOUS_MOVE = YES;
				CLANG_WARN_UNGUARDED_AVAILABILITY = YES_AGGRESSIVE;
				CLANG_WARN_UNREACHABLE_CODE = YES;
				CLANG_WARN__DUPLICATE_METHOD_MATCH = YES;
				COPY_PHASE_STRIP = NO;
				DEBUG_INFORMATION_FORMAT = dwarf;
				ENABLE_STRICT_OBJC_MSGSEND = YES;
				ENABLE_TESTABILITY = YES;
				GCC_C_LANGUAGE_STANDARD = gnu11;
				GCC_DYNAMIC_NO_PIC = NO;
				GCC_NO_COMMON_BLOCKS = YES;
				GCC_OPTIMIZATION_LEVEL = 0;
				GCC_PREPROCESSOR_DEFINITIONS = (
					"DEBUG=1",
					"$(inherited)",
				);
				GCC_WARN_64_TO_32_BIT_CONVERSION = YES;
				GCC_WARN_ABOUT_RETURN_TYPE = YES_ERROR;
				GCC_WARN_UNDECLARED_SELECTOR = YES;
				GCC_WARN_UNINITIALIZED_AUTOS = YES_AGGRESSIVE;
				GCC_WARN_UNUSED_FUNCTION = YES;
				GCC_WARN_UNUSED_VARIABLE = YES;
				IPHONEOS_DEPLOYMENT_TARGET = 14.4;
				MTL_ENABLE_DEBUG_INFO = INCLUDE_SOURCE;
				MTL_FAST_MATH = YES;
				ONLY_ACTIVE_ARCH = YES;
				SDKROOT = iphoneos;
				SWIFT_ACTIVE_COMPILATION_CONDITIONS = DEBUG;
				SWIFT_OPTIMIZATION_LEVEL = "-Onone";
			};
			name = Debug;
		};
		D18483DA25CB615C00D9D6E2 /* Release */ = {
			isa = XCBuildConfiguration;
			buildSettings = {
				ALWAYS_SEARCH_USER_PATHS = NO;
				CLANG_ANALYZER_NONNULL = YES;
				CLANG_ANALYZER_NUMBER_OBJECT_CONVERSION = YES_AGGRESSIVE;
				CLANG_CXX_LANGUAGE_STANDARD = "gnu++14";
				CLANG_CXX_LIBRARY = "libc++";
				CLANG_ENABLE_MODULES = YES;
				CLANG_ENABLE_OBJC_ARC = YES;
				CLANG_ENABLE_OBJC_WEAK = YES;
				CLANG_WARN_BLOCK_CAPTURE_AUTORELEASING = YES;
				CLANG_WARN_BOOL_CONVERSION = YES;
				CLANG_WARN_COMMA = YES;
				CLANG_WARN_CONSTANT_CONVERSION = YES;
				CLANG_WARN_DEPRECATED_OBJC_IMPLEMENTATIONS = YES;
				CLANG_WARN_DIRECT_OBJC_ISA_USAGE = YES_ERROR;
				CLANG_WARN_DOCUMENTATION_COMMENTS = YES;
				CLANG_WARN_EMPTY_BODY = YES;
				CLANG_WARN_ENUM_CONVERSION = YES;
				CLANG_WARN_INFINITE_RECURSION = YES;
				CLANG_WARN_INT_CONVERSION = YES;
				CLANG_WARN_NON_LITERAL_NULL_CONVERSION = YES;
				CLANG_WARN_OBJC_IMPLICIT_RETAIN_SELF = YES;
				CLANG_WARN_OBJC_LITERAL_CONVERSION = YES;
				CLANG_WARN_OBJC_ROOT_CLASS = YES_ERROR;
				CLANG_WARN_QUOTED_INCLUDE_IN_FRAMEWORK_HEADER = YES;
				CLANG_WARN_RANGE_LOOP_ANALYSIS = YES;
				CLANG_WARN_STRICT_PROTOTYPES = YES;
				CLANG_WARN_SUSPICIOUS_MOVE = YES;
				CLANG_WARN_UNGUARDED_AVAILABILITY = YES_AGGRESSIVE;
				CLANG_WARN_UNREACHABLE_CODE = YES;
				CLANG_WARN__DUPLICATE_METHOD_MATCH = YES;
				COPY_PHASE_STRIP = NO;
				DEBUG_INFORMATION_FORMAT = "dwarf-with-dsym";
				ENABLE_NS_ASSERTIONS = NO;
				ENABLE_STRICT_OBJC_MSGSEND = YES;
				GCC_C_LANGUAGE_STANDARD = gnu11;
				GCC_NO_COMMON_BLOCKS = YES;
				GCC_WARN_64_TO_32_BIT_CONVERSION = YES;
				GCC_WARN_ABOUT_RETURN_TYPE = YES_ERROR;
				GCC_WARN_UNDECLARED_SELECTOR = YES;
				GCC_WARN_UNINITIALIZED_AUTOS = YES_AGGRESSIVE;
				GCC_WARN_UNUSED_FUNCTION = YES;
				GCC_WARN_UNUSED_VARIABLE = YES;
				IPHONEOS_DEPLOYMENT_TARGET = 14.4;
				MTL_ENABLE_DEBUG_INFO = NO;
				MTL_FAST_MATH = YES;
				SDKROOT = iphoneos;
				SWIFT_COMPILATION_MODE = wholemodule;
				SWIFT_OPTIMIZATION_LEVEL = "-O";
				VALIDATE_PRODUCT = YES;
			};
			name = Release;
		};
		D18483DC25CB615C00D9D6E2 /* Debug */ = {
			isa = XCBuildConfiguration;
			buildSettings = {
				ASSETCATALOG_COMPILER_APPICON_NAME = AppIcon;
				ASSETCATALOG_COMPILER_GLOBAL_ACCENT_COLOR_NAME = AccentColor;
				CODE_SIGN_STYLE = Automatic;
				INFOPLIST_FILE = flixster/Info.plist;
				LD_RUNPATH_SEARCH_PATHS = (
					"$(inherited)",
					"@executable_path/Frameworks",
				);
				PRODUCT_BUNDLE_IDENTIFIER = "ryan.tjakrak-gmail.com.flixster";
				PRODUCT_NAME = "$(TARGET_NAME)";
				SWIFT_VERSION = 5.0;
				TARGETED_DEVICE_FAMILY = "1,2";
			};
			name = Debug;
		};
		D18483DD25CB615C00D9D6E2 /* Release */ = {
			isa = XCBuildConfiguration;
			buildSettings = {
				ASSETCATALOG_COMPILER_APPICON_NAME = AppIcon;
				ASSETCATALOG_COMPILER_GLOBAL_ACCENT_COLOR_NAME = AccentColor;
				CODE_SIGN_STYLE = Automatic;
				INFOPLIST_FILE = flixster/Info.plist;
				LD_RUNPATH_SEARCH_PATHS = (
					"$(inherited)",
					"@executable_path/Frameworks",
				);
				PRODUCT_BUNDLE_IDENTIFIER = "ryan.tjakrak-gmail.com.flixster";
				PRODUCT_NAME = "$(TARGET_NAME)";
				SWIFT_VERSION = 5.0;
				TARGETED_DEVICE_FAMILY = "1,2";
			};
			name = Release;
		};
		D18483DF25CB615C00D9D6E2 /* Debug */ = {
			isa = XCBuildConfiguration;
			buildSettings = {
				ALWAYS_EMBED_SWIFT_STANDARD_LIBRARIES = YES;
				BUNDLE_LOADER = "$(TEST_HOST)";
				CODE_SIGN_STYLE = Automatic;
				INFOPLIST_FILE = flixsterTests/Info.plist;
				IPHONEOS_DEPLOYMENT_TARGET = 14.4;
				LD_RUNPATH_SEARCH_PATHS = (
					"$(inherited)",
					"@executable_path/Frameworks",
					"@loader_path/Frameworks",
				);
				PRODUCT_BUNDLE_IDENTIFIER = "ryan.tjakrak-gmail.com.flixsterTests";
				PRODUCT_NAME = "$(TARGET_NAME)";
				SWIFT_VERSION = 5.0;
				TARGETED_DEVICE_FAMILY = "1,2";
				TEST_HOST = "$(BUILT_PRODUCTS_DIR)/flixster.app/flixster";
			};
			name = Debug;
		};
		D18483E025CB615C00D9D6E2 /* Release */ = {
			isa = XCBuildConfiguration;
			buildSettings = {
				ALWAYS_EMBED_SWIFT_STANDARD_LIBRARIES = YES;
				BUNDLE_LOADER = "$(TEST_HOST)";
				CODE_SIGN_STYLE = Automatic;
				INFOPLIST_FILE = flixsterTests/Info.plist;
				IPHONEOS_DEPLOYMENT_TARGET = 14.4;
				LD_RUNPATH_SEARCH_PATHS = (
					"$(inherited)",
					"@executable_path/Frameworks",
					"@loader_path/Frameworks",
				);
				PRODUCT_BUNDLE_IDENTIFIER = "ryan.tjakrak-gmail.com.flixsterTests";
				PRODUCT_NAME = "$(TARGET_NAME)";
				SWIFT_VERSION = 5.0;
				TARGETED_DEVICE_FAMILY = "1,2";
				TEST_HOST = "$(BUILT_PRODUCTS_DIR)/flixster.app/flixster";
			};
			name = Release;
		};
		D18483E225CB615C00D9D6E2 /* Debug */ = {
			isa = XCBuildConfiguration;
			buildSettings = {
				ALWAYS_EMBED_SWIFT_STANDARD_LIBRARIES = YES;
				CODE_SIGN_STYLE = Automatic;
				INFOPLIST_FILE = flixsterUITests/Info.plist;
				LD_RUNPATH_SEARCH_PATHS = (
					"$(inherited)",
					"@executable_path/Frameworks",
					"@loader_path/Frameworks",
				);
				PRODUCT_BUNDLE_IDENTIFIER = "ryan.tjakrak-gmail.com.flixsterUITests";
				PRODUCT_NAME = "$(TARGET_NAME)";
				SWIFT_VERSION = 5.0;
				TARGETED_DEVICE_FAMILY = "1,2";
				TEST_TARGET_NAME = flixster;
			};
			name = Debug;
		};
		D18483E325CB615C00D9D6E2 /* Release */ = {
			isa = XCBuildConfiguration;
			buildSettings = {
				ALWAYS_EMBED_SWIFT_STANDARD_LIBRARIES = YES;
				CODE_SIGN_STYLE = Automatic;
				INFOPLIST_FILE = flixsterUITests/Info.plist;
				LD_RUNPATH_SEARCH_PATHS = (
					"$(inherited)",
					"@executable_path/Frameworks",
					"@loader_path/Frameworks",
				);
				PRODUCT_BUNDLE_IDENTIFIER = "ryan.tjakrak-gmail.com.flixsterUITests";
				PRODUCT_NAME = "$(TARGET_NAME)";
				SWIFT_VERSION = 5.0;
				TARGETED_DEVICE_FAMILY = "1,2";
				TEST_TARGET_NAME = flixster;
			};
			name = Release;
		};
/* End XCBuildConfiguration section */

/* Begin XCConfigurationList section */
		D18483AC25CB615800D9D6E2 /* Build configuration list for PBXProject "flixster" */ = {
			isa = XCConfigurationList;
			buildConfigurations = (
				D18483D925CB615C00D9D6E2 /* Debug */,
				D18483DA25CB615C00D9D6E2 /* Release */,
			);
			defaultConfigurationIsVisible = 0;
			defaultConfigurationName = Release;
		};
		D18483DB25CB615C00D9D6E2 /* Build configuration list for PBXNativeTarget "flixster" */ = {
			isa = XCConfigurationList;
			buildConfigurations = (
				D18483DC25CB615C00D9D6E2 /* Debug */,
				D18483DD25CB615C00D9D6E2 /* Release */,
			);
			defaultConfigurationIsVisible = 0;
			defaultConfigurationName = Release;
		};
		D18483DE25CB615C00D9D6E2 /* Build configuration list for PBXNativeTarget "flixsterTests" */ = {
			isa = XCConfigurationList;
			buildConfigurations = (
				D18483DF25CB615C00D9D6E2 /* Debug */,
				D18483E025CB615C00D9D6E2 /* Release */,
			);
			defaultConfigurationIsVisible = 0;
			defaultConfigurationName = Release;
		};
		D18483E125CB615C00D9D6E2 /* Build configuration list for PBXNativeTarget "flixsterUITests" */ = {
			isa = XCConfigurationList;
			buildConfigurations = (
				D18483E225CB615C00D9D6E2 /* Debug */,
				D18483E325CB615C00D9D6E2 /* Release */,
			);
			defaultConfigurationIsVisible = 0;
			defaultConfigurationName = Release;
		};
/* End XCConfigurationList section */
	};
	rootObject = D18483A925CB615800D9D6E2 /* Project object */;
}
